
Microsoft Visual Studio Solution File, Format Version 12.00
# Visual Studio 14
VisualStudioVersion = 14.0.25420.1
MinimumVisualStudioVersion = 10.0.40219.1
Project("{FAE04EC0-301F-11D3-BF4B-00C04F79EFBC}") = "XamTrainKolkata", "XamTrainKolkata\XamTrainKolkata\XamTrainKolkata.csproj", "{74E22E08-96AC-42F3-8F39-BA008EDB7D4C}"
EndProject
Project("{FAE04EC0-301F-11D3-BF4B-00C04F79EFBC}") = "XamTrainKolkata.Droid", "XamTrainKolkata\XamTrainKolkata.Droid\XamTrainKolkata.Droid.csproj", "{A2174A07-DC2E-43D9-A142-5CE381186065}"
EndProject
Project("{FAE04EC0-301F-11D3-BF4B-00C04F79EFBC}") = "XamTrainKolkata.iOS", "XamTrainKolkata\XamTrainKolkata.iOS\XamTrainKolkata.iOS.csproj", "{599AFCDC-F127-44EB-A217-EE38B5FDBFDC}"
EndProject
Project("{FAE04EC0-301F-11D3-BF4B-00C04F79EFBC}") = "XamTrainKolkata.UWP", "XamTrainKolkata\XamTrainKolkata.UWP\XamTrainKolkata.UWP.csproj", "{F5BD7382-D28A-43A6-BA6E-801ACB1D1153}"
EndProject
Global
	GlobalSection(SolutionConfigurationPlatforms) = preSolution
		Ad-Hoc|Any CPU = Ad-Hoc|Any CPU
		Ad-Hoc|ARM = Ad-Hoc|ARM
		Ad-Hoc|iPhone = Ad-Hoc|iPhone
		Ad-Hoc|iPhoneSimulator = Ad-Hoc|iPhoneSimulator
		Ad-Hoc|x64 = Ad-Hoc|x64
		Ad-Hoc|x86 = Ad-Hoc|x86
		AppStore|Any CPU = AppStore|Any CPU
		AppStore|ARM = AppStore|ARM
		AppStore|iPhone = AppStore|iPhone
		AppStore|iPhoneSimulator = AppStore|iPhoneSimulator
		AppStore|x64 = AppStore|x64
		AppStore|x86 = AppStore|x86
		Debug|Any CPU = Debug|Any CPU
		Debug|ARM = Debug|ARM
		Debug|iPhone = Debug|iPhone
		Debug|iPhoneSimulator = Debug|iPhoneSimulator
		Debug|x64 = Debug|x64
		Debug|x86 = Debug|x86
		Release|Any CPU = Release|Any CPU
		Release|ARM = Release|ARM
		Release|iPhone = Release|iPhone
		Release|iPhoneSimulator = Release|iPhoneSimulator
		Release|x64 = Release|x64
		Release|x86 = Release|x86
	EndGlobalSection
	GlobalSection(ProjectConfigurationPlatforms) = postSolution
		{74E22E08-96AC-42F3-8F39-BA008EDB7D4C}.Ad-Hoc|Any CPU.ActiveCfg = Release|Any CPU
		{74E22E08-96AC-42F3-8F39-BA008EDB7D4C}.Ad-Hoc|Any CPU.Build.0 = Release|Any CPU
		{74E22E08-96AC-42F3-8F39-BA008EDB7D4C}.Ad-Hoc|ARM.ActiveCfg = Release|Any CPU
		{74E22E08-96AC-42F3-8F39-BA008EDB7D4C}.Ad-Hoc|ARM.Build.0 = Release|Any CPU
		{74E22E08-96AC-42F3-8F39-BA008EDB7D4C}.Ad-Hoc|iPhone.ActiveCfg = Release|Any CPU
		{74E22E08-96AC-42F3-8F39-BA008EDB7D4C}.Ad-Hoc|iPhone.Build.0 = Release|Any CPU
		{74E22E08-96AC-42F3-8F39-BA008EDB7D4C}.Ad-Hoc|iPhoneSimulator.ActiveCfg = Release|Any CPU
		{74E22E08-96AC-42F3-8F39-BA008EDB7D4C}.Ad-Hoc|iPhoneSimulator.Build.0 = Release|Any CPU
		{74E22E08-96AC-42F3-8F39-BA008EDB7D4C}.Ad-Hoc|x64.ActiveCfg = Release|Any CPU
		{74E22E08-96AC-42F3-8F39-BA008EDB7D4C}.Ad-Hoc|x64.Build.0 = Release|Any CPU
		{74E22E08-96AC-42F3-8F39-BA008EDB7D4C}.Ad-Hoc|x86.ActiveCfg = Release|Any CPU
		{74E22E08-96AC-42F3-8F39-BA008EDB7D4C}.Ad-Hoc|x86.Build.0 = Release|Any CPU
		{74E22E08-96AC-42F3-8F39-BA008EDB7D4C}.AppStore|Any CPU.ActiveCfg = Release|Any CPU
		{74E22E08-96AC-42F3-8F39-BA008EDB7D4C}.AppStore|Any CPU.Build.0 = Release|Any CPU
		{74E22E08-96AC-42F3-8F39-BA008EDB7D4C}.AppStore|ARM.ActiveCfg = Release|Any CPU
		{74E22E08-96AC-42F3-8F39-BA008EDB7D4C}.AppStore|ARM.Build.0 = Release|Any CPU
		{74E22E08-96AC-42F3-8F39-BA008EDB7D4C}.AppStore|iPhone.ActiveCfg = Release|Any CPU
		{74E22E08-96AC-42F3-8F39-BA008EDB7D4C}.AppStore|iPhone.Build.0 = Release|Any CPU
		{74E22E08-96AC-42F3-8F39-BA008EDB7D4C}.AppStore|iPhoneSimulator.ActiveCfg = Release|Any CPU
		{74E22E08-96AC-42F3-8F39-BA008EDB7D4C}.AppStore|iPhoneSimulator.Build.0 = Release|Any CPU
		{74E22E08-96AC-42F3-8F39-BA008EDB7D4C}.AppStore|x64.ActiveCfg = Release|Any CPU
		{74E22E08-96AC-42F3-8F39-BA008EDB7D4C}.AppStore|x64.Build.0 = Release|Any CPU
		{74E22E08-96AC-42F3-8F39-BA008EDB7D4C}.AppStore|x86.ActiveCfg = Release|Any CPU
		{74E22E08-96AC-42F3-8F39-BA008EDB7D4C}.AppStore|x86.Build.0 = Release|Any CPU
		{74E22E08-96AC-42F3-8F39-BA008EDB7D4C}.Debug|Any CPU.ActiveCfg = Debug|Any CPU
		{74E22E08-96AC-42F3-8F39-BA008EDB7D4C}.Debug|Any CPU.Build.0 = Debug|Any CPU
		{74E22E08-96AC-42F3-8F39-BA008EDB7D4C}.Debug|ARM.ActiveCfg = Debug|Any CPU
		{74E22E08-96AC-42F3-8F39-BA008EDB7D4C}.Debug|ARM.Build.0 = Debug|Any CPU
		{74E22E08-96AC-42F3-8F39-BA008EDB7D4C}.Debug|iPhone.ActiveCfg = Debug|Any CPU
		{74E22E08-96AC-42F3-8F39-BA008EDB7D4C}.Debug|iPhone.Build.0 = Debug|Any CPU
		{74E22E08-96AC-42F3-8F39-BA008EDB7D4C}.Debug|iPhoneSimulator.ActiveCfg = Debug|Any CPU
		{74E22E08-96AC-42F3-8F39-BA008EDB7D4C}.Debug|iPhoneSimulator.Build.0 = Debug|Any CPU
		{74E22E08-96AC-42F3-8F39-BA008EDB7D4C}.Debug|x64.ActiveCfg = Debug|Any CPU
		{74E22E08-96AC-42F3-8F39-BA008EDB7D4C}.Debug|x64.Build.0 = Debug|Any CPU
		{74E22E08-96AC-42F3-8F39-BA008EDB7D4C}.Debug|x86.ActiveCfg = Debug|Any CPU
		{74E22E08-96AC-42F3-8F39-BA008EDB7D4C}.Debug|x86.Build.0 = Debug|Any CPU
		{74E22E08-96AC-42F3-8F39-BA008EDB7D4C}.Release|Any CPU.ActiveCfg = Release|Any CPU
		{74E22E08-96AC-42F3-8F39-BA008EDB7D4C}.Release|Any CPU.Build.0 = Release|Any CPU
		{74E22E08-96AC-42F3-8F39-BA008EDB7D4C}.Release|ARM.ActiveCfg = Release|Any CPU
		{74E22E08-96AC-42F3-8F39-BA008EDB7D4C}.Release|ARM.Build.0 = Release|Any CPU
		{74E22E08-96AC-42F3-8F39-BA008EDB7D4C}.Release|iPhone.ActiveCfg = Release|Any CPU
		{74E22E08-96AC-42F3-8F39-BA008EDB7D4C}.Release|iPhone.Build.0 = Release|Any CPU
		{74E22E08-96AC-42F3-8F39-BA008EDB7D4C}.Release|iPhoneSimulator.ActiveCfg = Release|Any CPU
		{74E22E08-96AC-42F3-8F39-BA008EDB7D4C}.Release|iPhoneSimulator.Build.0 = Release|Any CPU
		{74E22E08-96AC-42F3-8F39-BA008EDB7D4C}.Release|x64.ActiveCfg = Release|Any CPU
		{74E22E08-96AC-42F3-8F39-BA008EDB7D4C}.Release|x64.Build.0 = Release|Any CPU
		{74E22E08-96AC-42F3-8F39-BA008EDB7D4C}.Release|x86.ActiveCfg = Release|Any CPU
		{74E22E08-96AC-42F3-8F39-BA008EDB7D4C}.Release|x86.Build.0 = Release|Any CPU
		{A2174A07-DC2E-43D9-A142-5CE381186065}.Ad-Hoc|Any CPU.ActiveCfg = Release|Any CPU
		{A2174A07-DC2E-43D9-A142-5CE381186065}.Ad-Hoc|Any CPU.Build.0 = Release|Any CPU
		{A2174A07-DC2E-43D9-A142-5CE381186065}.Ad-Hoc|Any CPU.Deploy.0 = Release|Any CPU
		{A2174A07-DC2E-43D9-A142-5CE381186065}.Ad-Hoc|ARM.ActiveCfg = Release|Any CPU
		{A2174A07-DC2E-43D9-A142-5CE381186065}.Ad-Hoc|ARM.Build.0 = Release|Any CPU
		{A2174A07-DC2E-43D9-A142-5CE381186065}.Ad-Hoc|ARM.Deploy.0 = Release|Any CPU
		{A2174A07-DC2E-43D9-A142-5CE381186065}.Ad-Hoc|iPhone.ActiveCfg = Release|Any CPU
		{A2174A07-DC2E-43D9-A142-5CE381186065}.Ad-Hoc|iPhone.Build.0 = Release|Any CPU
		{A2174A07-DC2E-43D9-A142-5CE381186065}.Ad-Hoc|iPhone.Deploy.0 = Release|Any CPU
		{A2174A07-DC2E-43D9-A142-5CE381186065}.Ad-Hoc|iPhoneSimulator.ActiveCfg = Release|Any CPU
		{A2174A07-DC2E-43D9-A142-5CE381186065}.Ad-Hoc|iPhoneSimulator.Build.0 = Release|Any CPU
		{A2174A07-DC2E-43D9-A142-5CE381186065}.Ad-Hoc|iPhoneSimulator.Deploy.0 = Release|Any CPU
		{A2174A07-DC2E-43D9-A142-5CE381186065}.Ad-Hoc|x64.ActiveCfg = Release|Any CPU
		{A2174A07-DC2E-43D9-A142-5CE381186065}.Ad-Hoc|x64.Build.0 = Release|Any CPU
		{A2174A07-DC2E-43D9-A142-5CE381186065}.Ad-Hoc|x64.Deploy.0 = Release|Any CPU
		{A2174A07-DC2E-43D9-A142-5CE381186065}.Ad-Hoc|x86.ActiveCfg = Release|Any CPU
		{A2174A07-DC2E-43D9-A142-5CE381186065}.Ad-Hoc|x86.Build.0 = Release|Any CPU
		{A2174A07-DC2E-43D9-A142-5CE381186065}.Ad-Hoc|x86.Deploy.0 = Release|Any CPU
		{A2174A07-DC2E-43D9-A142-5CE381186065}.AppStore|Any CPU.ActiveCfg = Release|Any CPU
		{A2174A07-DC2E-43D9-A142-5CE381186065}.AppStore|Any CPU.Build.0 = Release|Any CPU
		{A2174A07-DC2E-43D9-A142-5CE381186065}.AppStore|Any CPU.Deploy.0 = Release|Any CPU
		{A2174A07-DC2E-43D9-A142-5CE381186065}.AppStore|ARM.ActiveCfg = Release|Any CPU
		{A2174A07-DC2E-43D9-A142-5CE381186065}.AppStore|ARM.Build.0 = Release|Any CPU
		{A2174A07-DC2E-43D9-A142-5CE381186065}.AppStore|ARM.Deploy.0 = Release|Any CPU
		{A2174A07-DC2E-43D9-A142-5CE381186065}.AppStore|iPhone.ActiveCfg = Release|Any CPU
		{A2174A07-DC2E-43D9-A142-5CE381186065}.AppStore|iPhone.Build.0 = Release|Any CPU
		{A2174A07-DC2E-43D9-A142-5CE381186065}.AppStore|iPhone.Deploy.0 = Release|Any CPU
		{A2174A07-DC2E-43D9-A142-5CE381186065}.AppStore|iPhoneSimulator.ActiveCfg = Release|Any CPU
		{A2174A07-DC2E-43D9-A142-5CE381186065}.AppStore|iPhoneSimulator.Build.0 = Release|Any CPU
		{A2174A07-DC2E-43D9-A142-5CE381186065}.AppStore|iPhoneSimulator.Deploy.0 = Release|Any CPU
		{A2174A07-DC2E-43D9-A142-5CE381186065}.AppStore|x64.ActiveCfg = Release|Any CPU
		{A2174A07-DC2E-43D9-A142-5CE381186065}.AppStore|x64.Build.0 = Release|Any CPU
		{A2174A07-DC2E-43D9-A142-5CE381186065}.AppStore|x64.Deploy.0 = Release|Any CPU
		{A2174A07-DC2E-43D9-A142-5CE381186065}.AppStore|x86.ActiveCfg = Release|Any CPU
		{A2174A07-DC2E-43D9-A142-5CE381186065}.AppStore|x86.Build.0 = Release|Any CPU
		{A2174A07-DC2E-43D9-A142-5CE381186065}.AppStore|x86.Deploy.0 = Release|Any CPU
		{A2174A07-DC2E-43D9-A142-5CE381186065}.Debug|Any CPU.ActiveCfg = Debug|Any CPU
		{A2174A07-DC2E-43D9-A142-5CE381186065}.Debug|Any CPU.Build.0 = Debug|Any CPU
		{A2174A07-DC2E-43D9-A142-5CE381186065}.Debug|Any CPU.Deploy.0 = Debug|Any CPU
		{A2174A07-DC2E-43D9-A142-5CE381186065}.Debug|ARM.ActiveCfg = Debug|Any CPU
		{A2174A07-DC2E-43D9-A142-5CE381186065}.Debug|ARM.Build.0 = Debug|Any CPU
		{A2174A07-DC2E-43D9-A142-5CE381186065}.Debug|ARM.Deploy.0 = Debug|Any CPU
		{A2174A07-DC2E-43D9-A142-5CE381186065}.Debug|iPhone.ActiveCfg = Debug|Any CPU
		{A2174A07-DC2E-43D9-A142-5CE381186065}.Debug|iPhone.Build.0 = Debug|Any CPU
		{A2174A07-DC2E-43D9-A142-5CE381186065}.Debug|iPhone.Deploy.0 = Debug|Any CPU
		{A2174A07-DC2E-43D9-A142-5CE381186065}.Debug|iPhoneSimulator.ActiveCfg = Debug|Any CPU
		{A2174A07-DC2E-43D9-A142-5CE381186065}.Debug|iPhoneSimulator.Build.0 = Debug|Any CPU
		{A2174A07-DC2E-43D9-A142-5CE381186065}.Debug|iPhoneSimulator.Deploy.0 = Debug|Any CPU
		{A2174A07-DC2E-43D9-A142-5CE381186065}.Debug|x64.ActiveCfg = Debug|Any CPU
		{A2174A07-DC2E-43D9-A142-5CE381186065}.Debug|x64.Build.0 = Debug|Any CPU
		{A2174A07-DC2E-43D9-A142-5CE381186065}.Debug|x64.Deploy.0 = Debug|Any CPU
		{A2174A07-DC2E-43D9-A142-5CE381186065}.Debug|x86.ActiveCfg = Debug|Any CPU
		{A2174A07-DC2E-43D9-A142-5CE381186065}.Debug|x86.Build.0 = Debug|Any CPU
		{A2174A07-DC2E-43D9-A142-5CE381186065}.Debug|x86.Deploy.0 = Debug|Any CPU
		{A2174A07-DC2E-43D9-A142-5CE381186065}.Release|Any CPU.ActiveCfg = Release|Any CPU
		{A2174A07-DC2E-43D9-A142-5CE381186065}.Release|Any CPU.Build.0 = Release|Any CPU
		{A2174A07-DC2E-43D9-A142-5CE381186065}.Release|Any CPU.Deploy.0 = Release|Any CPU
		{A2174A07-DC2E-43D9-A142-5CE381186065}.Release|ARM.ActiveCfg = Release|Any CPU
		{A2174A07-DC2E-43D9-A142-5CE381186065}.Release|ARM.Build.0 = Release|Any CPU
		{A2174A07-DC2E-43D9-A142-5CE381186065}.Release|ARM.Deploy.0 = Release|Any CPU
		{A2174A07-DC2E-43D9-A142-5CE381186065}.Release|iPhone.ActiveCfg = Release|Any CPU
		{A2174A07-DC2E-43D9-A142-5CE381186065}.Release|iPhone.Build.0 = Release|Any CPU
		{A2174A07-DC2E-43D9-A142-5CE381186065}.Release|iPhone.Deploy.0 = Release|Any CPU
		{A2174A07-DC2E-43D9-A142-5CE381186065}.Release|iPhoneSimulator.ActiveCfg = Release|Any CPU
		{A2174A07-DC2E-43D9-A142-5CE381186065}.Release|iPhoneSimulator.Build.0 = Release|Any CPU
		{A2174A07-DC2E-43D9-A142-5CE381186065}.Release|iPhoneSimulator.Deploy.0 = Release|Any CPU
		{A2174A07-DC2E-43D9-A142-5CE381186065}.Release|x64.ActiveCfg = Release|Any CPU
		{A2174A07-DC2E-43D9-A142-5CE381186065}.Release|x64.Build.0 = Release|Any CPU
		{A2174A07-DC2E-43D9-A142-5CE381186065}.Release|x64.Deploy.0 = Release|Any CPU
		{A2174A07-DC2E-43D9-A142-5CE381186065}.Release|x86.ActiveCfg = Release|Any CPU
		{A2174A07-DC2E-43D9-A142-5CE381186065}.Release|x86.Build.0 = Release|Any CPU
		{A2174A07-DC2E-43D9-A142-5CE381186065}.Release|x86.Deploy.0 = Release|Any CPU
		{599AFCDC-F127-44EB-A217-EE38B5FDBFDC}.Ad-Hoc|Any CPU.ActiveCfg = Ad-Hoc|iPhone
		{599AFCDC-F127-44EB-A217-EE38B5FDBFDC}.Ad-Hoc|ARM.ActiveCfg = Ad-Hoc|iPhone
		{599AFCDC-F127-44EB-A217-EE38B5FDBFDC}.Ad-Hoc|iPhone.ActiveCfg = Ad-Hoc|iPhone
		{599AFCDC-F127-44EB-A217-EE38B5FDBFDC}.Ad-Hoc|iPhone.Build.0 = Ad-Hoc|iPhone
		{599AFCDC-F127-44EB-A217-EE38B5FDBFDC}.Ad-Hoc|iPhoneSimulator.ActiveCfg = Ad-Hoc|iPhoneSimulator
		{599AFCDC-F127-44EB-A217-EE38B5FDBFDC}.Ad-Hoc|iPhoneSimulator.Build.0 = Ad-Hoc|iPhoneSimulator
		{599AFCDC-F127-44EB-A217-EE38B5FDBFDC}.Ad-Hoc|x64.ActiveCfg = Ad-Hoc|iPhone
		{599AFCDC-F127-44EB-A217-EE38B5FDBFDC}.Ad-Hoc|x86.ActiveCfg = Ad-Hoc|iPhone
		{599AFCDC-F127-44EB-A217-EE38B5FDBFDC}.AppStore|Any CPU.ActiveCfg = AppStore|iPhone
		{599AFCDC-F127-44EB-A217-EE38B5FDBFDC}.AppStore|ARM.ActiveCfg = AppStore|iPhone
		{599AFCDC-F127-44EB-A217-EE38B5FDBFDC}.AppStore|iPhone.ActiveCfg = AppStore|iPhone
		{599AFCDC-F127-44EB-A217-EE38B5FDBFDC}.AppStore|iPhone.Build.0 = AppStore|iPhone
		{599AFCDC-F127-44EB-A217-EE38B5FDBFDC}.AppStore|iPhoneSimulator.ActiveCfg = AppStore|iPhoneSimulator
		{599AFCDC-F127-44EB-A217-EE38B5FDBFDC}.AppStore|iPhoneSimulator.Build.0 = AppStore|iPhoneSimulator
		{599AFCDC-F127-44EB-A217-EE38B5FDBFDC}.AppStore|x64.ActiveCfg = AppStore|iPhone
		{599AFCDC-F127-44EB-A217-EE38B5FDBFDC}.AppStore|x86.ActiveCfg = AppStore|iPhone
		{599AFCDC-F127-44EB-A217-EE38B5FDBFDC}.Debug|Any CPU.ActiveCfg = Debug|iPhone
		{599AFCDC-F127-44EB-A217-EE38B5FDBFDC}.Debug|ARM.ActiveCfg = Debug|iPhone
		{599AFCDC-F127-44EB-A217-EE38B5FDBFDC}.Debug|iPhone.ActiveCfg = Debug|iPhone
		{599AFCDC-F127-44EB-A217-EE38B5FDBFDC}.Debug|iPhone.Build.0 = Debug|iPhone
		{599AFCDC-F127-44EB-A217-EE38B5FDBFDC}.Debug|iPhoneSimulator.ActiveCfg = Debug|iPhoneSimulator
		{599AFCDC-F127-44EB-A217-EE38B5FDBFDC}.Debug|iPhoneSimulator.Build.0 = Debug|iPhoneSimulator
		{599AFCDC-F127-44EB-A217-EE38B5FDBFDC}.Debug|x64.ActiveCfg = Debug|iPhone
		{599AFCDC-F127-44EB-A217-EE38B5FDBFDC}.Debug|x86.ActiveCfg = Debug|iPhone
		{599AFCDC-F127-44EB-A217-EE38B5FDBFDC}.Release|Any CPU.ActiveCfg = Release|iPhone
		{599AFCDC-F127-44EB-A217-EE38B5FDBFDC}.Release|ARM.ActiveCfg = Release|iPhone
		{599AFCDC-F127-44EB-A217-EE38B5FDBFDC}.Release|iPhone.ActiveCfg = Release|iPhone
		{599AFCDC-F127-44EB-A217-EE38B5FDBFDC}.Release|iPhone.Build.0 = Release|iPhone
		{599AFCDC-F127-44EB-A217-EE38B5FDBFDC}.Release|iPhoneSimulator.ActiveCfg = Release|iPhoneSimulator
		{599AFCDC-F127-44EB-A217-EE38B5FDBFDC}.Release|iPhoneSimulator.Build.0 = Release|iPhoneSimulator
		{599AFCDC-F127-44EB-A217-EE38B5FDBFDC}.Release|x64.ActiveCfg = Release|iPhone
		{599AFCDC-F127-44EB-A217-EE38B5FDBFDC}.Release|x86.ActiveCfg = Release|iPhone
		{F5BD7382-D28A-43A6-BA6E-801ACB1D1153}.Ad-Hoc|Any CPU.ActiveCfg = Release|x86
		{F5BD7382-D28A-43A6-BA6E-801ACB1D1153}.Ad-Hoc|Any CPU.Build.0 = Release|x86
		{F5BD7382-D28A-43A6-BA6E-801ACB1D1153}.Ad-Hoc|Any CPU.Deploy.0 = Release|x86
		{F5BD7382-D28A-43A6-BA6E-801ACB1D1153}.Ad-Hoc|ARM.ActiveCfg = Release|ARM
		{F5BD7382-D28A-43A6-BA6E-801ACB1D1153}.Ad-Hoc|ARM.Build.0 = Release|ARM
		{F5BD7382-D28A-43A6-BA6E-801ACB1D1153}.Ad-Hoc|ARM.Deploy.0 = Release|ARM
		{F5BD7382-D28A-43A6-BA6E-801ACB1D1153}.Ad-Hoc|iPhone.ActiveCfg = Release|x86
		{F5BD7382-D28A-43A6-BA6E-801ACB1D1153}.Ad-Hoc|iPhone.Build.0 = Release|x86
		{F5BD7382-D28A-43A6-BA6E-801ACB1D1153}.Ad-Hoc|iPhone.Deploy.0 = Release|x86
		{F5BD7382-D28A-43A6-BA6E-801ACB1D1153}.Ad-Hoc|iPhoneSimulator.ActiveCfg = Release|x86
		{F5BD7382-D28A-43A6-BA6E-801ACB1D1153}.Ad-Hoc|iPhoneSimulator.Build.0 = Release|x86
		{F5BD7382-D28A-43A6-BA6E-801ACB1D1153}.Ad-Hoc|iPhoneSimulator.Deploy.0 = Release|x86
		{F5BD7382-D28A-43A6-BA6E-801ACB1D1153}.Ad-Hoc|x64.ActiveCfg = Release|x64
		{F5BD7382-D28A-43A6-BA6E-801ACB1D1153}.Ad-Hoc|x64.Build.0 = Release|x64
		{F5BD7382-D28A-43A6-BA6E-801ACB1D1153}.Ad-Hoc|x64.Deploy.0 = Release|x64
		{F5BD7382-D28A-43A6-BA6E-801ACB1D1153}.Ad-Hoc|x86.ActiveCfg = Release|x86
		{F5BD7382-D28A-43A6-BA6E-801ACB1D1153}.Ad-Hoc|x86.Build.0 = Release|x86
		{F5BD7382-D28A-43A6-BA6E-801ACB1D1153}.Ad-Hoc|x86.Deploy.0 = Release|x86
		{F5BD7382-D28A-43A6-BA6E-801ACB1D1153}.AppStore|Any CPU.ActiveCfg = Release|x86
		{F5BD7382-D28A-43A6-BA6E-801ACB1D1153}.AppStore|Any CPU.Build.0 = Release|x86
		{F5BD7382-D28A-43A6-BA6E-801ACB1D1153}.AppStore|Any CPU.Deploy.0 = Release|x86
		{F5BD7382-D28A-43A6-BA6E-801ACB1D1153}.AppStore|ARM.ActiveCfg = Release|ARM
		{F5BD7382-D28A-43A6-BA6E-801ACB1D1153}.AppStore|ARM.Build.0 = Release|ARM
		{F5BD7382-D28A-43A6-BA6E-801ACB1D1153}.AppStore|ARM.Deploy.0 = Release|ARM
		{F5BD7382-D28A-43A6-BA6E-801ACB1D1153}.AppStore|iPhone.ActiveCfg = Release|x86
		{F5BD7382-D28A-43A6-BA6E-801ACB1D1153}.AppStore|iPhone.Build.0 = Release|x86
		{F5BD7382-D28A-43A6-BA6E-801ACB1D1153}.AppStore|iPhone.Deploy.0 = Release|x86
		{F5BD7382-D28A-43A6-BA6E-801ACB1D1153}.AppStore|iPhoneSimulator.ActiveCfg = Release|x86
		{F5BD7382-D28A-43A6-BA6E-801ACB1D1153}.AppStore|iPhoneSimulator.Build.0 = Release|x86
		{F5BD7382-D28A-43A6-BA6E-801ACB1D1153}.AppStore|iPhoneSimulator.Deploy.0 = Release|x86
		{F5BD7382-D28A-43A6-BA6E-801ACB1D1153}.AppStore|x64.ActiveCfg = Release|x64
		{F5BD7382-D28A-43A6-BA6E-801ACB1D1153}.AppStore|x64.Build.0 = Release|x64
		{F5BD7382-D28A-43A6-BA6E-801ACB1D1153}.AppStore|x64.Deploy.0 = Release|x64
		{F5BD7382-D28A-43A6-BA6E-801ACB1D1153}.AppStore|x86.ActiveCfg = Release|x86
		{F5BD7382-D28A-43A6-BA6E-801ACB1D1153}.AppStore|x86.Build.0 = Release|x86
		{F5BD7382-D28A-43A6-BA6E-801ACB1D1153}.AppStore|x86.Deploy.0 = Release|x86
		{F5BD7382-D28A-43A6-BA6E-801ACB1D1153}.Debug|Any CPU.ActiveCfg = Debug|x86
		{F5BD7382-D28A-43A6-BA6E-801ACB1D1153}.Debug|ARM.ActiveCfg = Debug|ARM
		{F5BD7382-D28A-43A6-BA6E-801ACB1D1153}.Debug|ARM.Build.0 = Debug|ARM
		{F5BD7382-D28A-43A6-BA6E-801ACB1D1153}.Debug|ARM.Deploy.0 = Debug|ARM
		{F5BD7382-D28A-43A6-BA6E-801ACB1D1153}.Debug|iPhone.ActiveCfg = Debug|x86
		{F5BD7382-D28A-43A6-BA6E-801ACB1D1153}.Debug|iPhoneSimulator.ActiveCfg = Debug|x86
		{F5BD7382-D28A-43A6-BA6E-801ACB1D1153}.Debug|x64.ActiveCfg = Debug|x64
		{F5BD7382-D28A-43A6-BA6E-801ACB1D1153}.Debug|x64.Build.0 = Debug|x64
		{F5BD7382-D28A-43A6-BA6E-801ACB1D1153}.Debug|x64.Deploy.0 = Debug|x64
		{F5BD7382-D28A-43A6-BA6E-801ACB1D1153}.Debug|x86.ActiveCfg = Debug|x86
		{F5BD7382-D28A-43A6-BA6E-801ACB1D1153}.Debug|x86.Build.0 = Debug|x86
		{F5BD7382-D28A-43A6-BA6E-801ACB1D1153}.Debug|x86.Deploy.0 = Debug|x86
		{F5BD7382-D28A-43A6-BA6E-801ACB1D1153}.Release|Any CPU.ActiveCfg = Release|x86
		{F5BD7382-D28A-43A6-BA6E-801ACB1D1153}.Release|ARM.ActiveCfg = Release|ARM
		{F5BD7382-D28A-43A6-BA6E-801ACB1D1153}.Release|ARM.Build.0 = Release|ARM
		{F5BD7382-D28A-43A6-BA6E-801ACB1D1153}.Release|ARM.Deploy.0 = Release|ARM
		{F5BD7382-D28A-43A6-BA6E-801ACB1D1153}.Release|iPhone.ActiveCfg = Release|x86
		{F5BD7382-D28A-43A6-BA6E-801ACB1D1153}.Release|iPhoneSimulator.ActiveCfg = Release|x86
		{F5BD7382-D28A-43A6-BA6E-801ACB1D1153}.Release|x64.ActiveCfg = Release|x64
		{F5BD7382-D28A-43A6-BA6E-801ACB1D1153}.Release|x64.Build.0 = Release|x64
		{F5BD7382-D28A-43A6-BA6E-801ACB1D1153}.Release|x64.Deploy.0 = Release|x64
		{F5BD7382-D28A-43A6-BA6E-801ACB1D1153}.Release|x86.ActiveCfg = Release|x86
		{F5BD7382-D28A-43A6-BA6E-801ACB1D1153}.Release|x86.Build.0 = Release|x86
		{F5BD7382-D28A-43A6-BA6E-801ACB1D1153}.Release|x86.Deploy.0 = Release|x86
	EndGlobalSection
	GlobalSection(SolutionProperties) = preSolution
		HideSolutionNode = FALSE
	EndGlobalSection
EndGlobal
